
Microsoft Visual Studio Solution File, Format Version 12.00
# Visual Studio Version 16
VisualStudioVersion = 16.0.30114.105
MinimumVisualStudioVersion = 10.0.40219.1
Project("{FAE04EC0-301F-11D3-BF4B-00C04F79EFBC}") = "TextEditor", "RtfRedactor\TextEditor.csproj", "{677CB60B-3A45-44D0-8C21-F80BF2AB3ACF}"
EndProject
Global
	GlobalSection(SolutionConfigurationPlatforms) = preSolution
		Debug|Any CPU = Debug|Any CPU
		Release|Any CPU = Release|Any CPU
	EndGlobalSection
	GlobalSection(ProjectConfigurationPlatforms) = postSolution
		{677CB60B-3A45-44D0-8C21-F80BF2AB3ACF}.Debug|Any CPU.ActiveCfg = Debug|Any CPU
		{677CB60B-3A45-44D0-8C21-F80BF2AB3ACF}.Debug|Any CPU.Build.0 = Debug|Any CPU
		{677CB60B-3A45-44D0-8C21-F80BF2AB3ACF}.Release|Any CPU.ActiveCfg = Release|Any CPU
		{677CB60B-3A45-44D0-8C21-F80BF2AB3ACF}.Release|Any CPU.Build.0 = Release|Any CPU
	EndGlobalSection
	GlobalSection(SolutionProperties) = preSolution
		HideSolutionNode = FALSE
	EndGlobalSection
	GlobalSection(ExtensibilityGlobals) = postSolution
		SolutionGuid = {E27FF1A1-CD7A-40DB-ADDC-AD6ECC69C500}
	EndGlobalSection
EndGlobal
